
Microsoft Visual Studio Solution File, Format Version 12.00
# Visual Studio 2012
Project("{FAE04EC0-301F-11D3-BF4B-00C04F79EFBC}") = "Ovjust.BaiduMap", "Ovjust.BaiduMap\Ovjust.BaiduMap.csproj", "{31E74C48-677A-4F4C-B910-E0DEB580479A}"
EndProject
Global
	GlobalSection(SolutionConfigurationPlatforms) = preSolution
		Debug|Any CPU = Debug|Any CPU
		Release|Any CPU = Release|Any CPU
	EndGlobalSection
	GlobalSection(ProjectConfigurationPlatforms) = postSolution
		{31E74C48-677A-4F4C-B910-E0DEB580479A}.Debug|Any CPU.ActiveCfg = Debug|Any CPU
		{31E74C48-677A-4F4C-B910-E0DEB580479A}.Debug|Any CPU.Build.0 = Debug|Any CPU
		{31E74C48-677A-4F4C-B910-E0DEB580479A}.Release|Any CPU.ActiveCfg = Release|Any CPU
		{31E74C48-677A-4F4C-B910-E0DEB580479A}.Release|Any CPU.Build.0 = Release|Any CPU
	EndGlobalSection
	GlobalSection(SolutionProperties) = preSolution
		HideSolutionNode = FALSE
	EndGlobalSection
EndGlobal
